
Microsoft Visual Studio Solution File, Format Version 12.00
# Visual Studio 15
VisualStudioVersion = 15.0.28307.136
MinimumVisualStudioVersion = 10.0.40219.1
Project("{9A19103F-16F7-4668-BE54-9A1E7A4F7556}") = "01_SymbolsInLine", "01_SymbolsInLine\01_SymbolsInLine.csproj", "{2776A74A-06E2-40E2-B9FA-FA3E8A12CA10}"
EndProject
Project("{FAE04EC0-301F-11D3-BF4B-00C04F79EFBC}") = "02_Array", "02_Array\02_Array.csproj", "{68168834-B184-42F3-B672-13C3D558956A}"
EndProject
Project("{FAE04EC0-301F-11D3-BF4B-00C04F79EFBC}") = "03_NumberOfWords", "03_NumberOfWords\03_NumberOfWords.csproj", "{0D6558C2-9916-4CBD-BA5C-AE146493E592}"
EndProject
Project("{FAE04EC0-301F-11D3-BF4B-00C04F79EFBC}") = "04_EvenOddNumber", "04_EvenOddNumber\04_EvenOddNumber.csproj", "{0B297AB8-6A06-4AB7-9C3D-DA9BA4DCB24F}"
EndProject
Global
	GlobalSection(SolutionConfigurationPlatforms) = preSolution
		Debug|Any CPU = Debug|Any CPU
		Release|Any CPU = Release|Any CPU
	EndGlobalSection
	GlobalSection(ProjectConfigurationPlatforms) = postSolution
		{2776A74A-06E2-40E2-B9FA-FA3E8A12CA10}.Debug|Any CPU.ActiveCfg = Debug|Any CPU
		{2776A74A-06E2-40E2-B9FA-FA3E8A12CA10}.Debug|Any CPU.Build.0 = Debug|Any CPU
		{2776A74A-06E2-40E2-B9FA-FA3E8A12CA10}.Release|Any CPU.ActiveCfg = Release|Any CPU
		{2776A74A-06E2-40E2-B9FA-FA3E8A12CA10}.Release|Any CPU.Build.0 = Release|Any CPU
		{68168834-B184-42F3-B672-13C3D558956A}.Debug|Any CPU.ActiveCfg = Debug|Any CPU
		{68168834-B184-42F3-B672-13C3D558956A}.Debug|Any CPU.Build.0 = Debug|Any CPU
		{68168834-B184-42F3-B672-13C3D558956A}.Release|Any CPU.ActiveCfg = Release|Any CPU
		{68168834-B184-42F3-B672-13C3D558956A}.Release|Any CPU.Build.0 = Release|Any CPU
		{0D6558C2-9916-4CBD-BA5C-AE146493E592}.Debug|Any CPU.ActiveCfg = Debug|Any CPU
		{0D6558C2-9916-4CBD-BA5C-AE146493E592}.Debug|Any CPU.Build.0 = Debug|Any CPU
		{0D6558C2-9916-4CBD-BA5C-AE146493E592}.Release|Any CPU.ActiveCfg = Release|Any CPU
		{0D6558C2-9916-4CBD-BA5C-AE146493E592}.Release|Any CPU.Build.0 = Release|Any CPU
		{0B297AB8-6A06-4AB7-9C3D-DA9BA4DCB24F}.Debug|Any CPU.ActiveCfg = Debug|Any CPU
		{0B297AB8-6A06-4AB7-9C3D-DA9BA4DCB24F}.Debug|Any CPU.Build.0 = Debug|Any CPU
		{0B297AB8-6A06-4AB7-9C3D-DA9BA4DCB24F}.Release|Any CPU.ActiveCfg = Release|Any CPU
		{0B297AB8-6A06-4AB7-9C3D-DA9BA4DCB24F}.Release|Any CPU.Build.0 = Release|Any CPU
	EndGlobalSection
	GlobalSection(SolutionProperties) = preSolution
		HideSolutionNode = FALSE
	EndGlobalSection
	GlobalSection(ExtensibilityGlobals) = postSolution
		SolutionGuid = {24E8E593-A8DB-4745-A791-D10B15E7FA17}
	EndGlobalSection
EndGlobal
